
Microsoft Visual Studio Solution File, Format Version 12.00
# Visual Studio Version 16
VisualStudioVersion = 16.0.29509.3
MinimumVisualStudioVersion = 10.0.40219.1
Project("{9A19103F-16F7-4668-BE54-9A1E7A4F7556}") = "FaceitMatchGatherer", "FaceitMatchGatherer\FaceitMatchGatherer.csproj", "{AC8F726E-0C68-46DB-A412-2005E25B9B38}"
EndProject
Project("{9A19103F-16F7-4668-BE54-9A1E7A4F7556}") = "Entities", "Entities\Entities.csproj", "{CA1E1B3C-58AD-472E-9E48-B61C5247CC7B}"
EndProject
Project("{9A19103F-16F7-4668-BE54-9A1E7A4F7556}") = "Database", "Database\Database.csproj", "{0D518B03-5B33-44F1-9CBB-15D0034F8A46}"
EndProject
Project("{9A19103F-16F7-4668-BE54-9A1E7A4F7556}") = "FaceitMatchGathererTests", "FaceitMatchGathererTests\FaceitMatchGathererTests.csproj", "{74E8B3EE-4F15-4E5D-AEAE-FF60EC502773}"
EndProject
Project("{9A19103F-16F7-4668-BE54-9A1E7A4F7556}") = "RabbitCommunicationLib", "RabbitCommunicationLib\RabbitCommunicationLib.csproj", "{BAECED0B-E470-4EE1-B1C1-CC5554FA0B8E}"
EndProject
Global
	GlobalSection(SolutionConfigurationPlatforms) = preSolution
		Debug|Any CPU = Debug|Any CPU
		Release|Any CPU = Release|Any CPU
	EndGlobalSection
	GlobalSection(ProjectConfigurationPlatforms) = postSolution
		{AC8F726E-0C68-46DB-A412-2005E25B9B38}.Debug|Any CPU.ActiveCfg = Debug|Any CPU
		{AC8F726E-0C68-46DB-A412-2005E25B9B38}.Debug|Any CPU.Build.0 = Debug|Any CPU
		{AC8F726E-0C68-46DB-A412-2005E25B9B38}.Release|Any CPU.ActiveCfg = Release|Any CPU
		{AC8F726E-0C68-46DB-A412-2005E25B9B38}.Release|Any CPU.Build.0 = Release|Any CPU
		{CA1E1B3C-58AD-472E-9E48-B61C5247CC7B}.Debug|Any CPU.ActiveCfg = Debug|Any CPU
		{CA1E1B3C-58AD-472E-9E48-B61C5247CC7B}.Debug|Any CPU.Build.0 = Debug|Any CPU
		{CA1E1B3C-58AD-472E-9E48-B61C5247CC7B}.Release|Any CPU.ActiveCfg = Release|Any CPU
		{CA1E1B3C-58AD-472E-9E48-B61C5247CC7B}.Release|Any CPU.Build.0 = Release|Any CPU
		{0D518B03-5B33-44F1-9CBB-15D0034F8A46}.Debug|Any CPU.ActiveCfg = Debug|Any CPU
		{0D518B03-5B33-44F1-9CBB-15D0034F8A46}.Debug|Any CPU.Build.0 = Debug|Any CPU
		{0D518B03-5B33-44F1-9CBB-15D0034F8A46}.Release|Any CPU.ActiveCfg = Release|Any CPU
		{0D518B03-5B33-44F1-9CBB-15D0034F8A46}.Release|Any CPU.Build.0 = Release|Any CPU
		{74E8B3EE-4F15-4E5D-AEAE-FF60EC502773}.Debug|Any CPU.ActiveCfg = Debug|Any CPU
		{74E8B3EE-4F15-4E5D-AEAE-FF60EC502773}.Debug|Any CPU.Build.0 = Debug|Any CPU
		{74E8B3EE-4F15-4E5D-AEAE-FF60EC502773}.Release|Any CPU.ActiveCfg = Release|Any CPU
		{74E8B3EE-4F15-4E5D-AEAE-FF60EC502773}.Release|Any CPU.Build.0 = Release|Any CPU
		{BAECED0B-E470-4EE1-B1C1-CC5554FA0B8E}.Debug|Any CPU.ActiveCfg = Debug|Any CPU
		{BAECED0B-E470-4EE1-B1C1-CC5554FA0B8E}.Debug|Any CPU.Build.0 = Debug|Any CPU
		{BAECED0B-E470-4EE1-B1C1-CC5554FA0B8E}.Release|Any CPU.ActiveCfg = Release|Any CPU
		{BAECED0B-E470-4EE1-B1C1-CC5554FA0B8E}.Release|Any CPU.Build.0 = Release|Any CPU
	EndGlobalSection
	GlobalSection(SolutionProperties) = preSolution
		HideSolutionNode = FALSE
	EndGlobalSection
	GlobalSection(ExtensibilityGlobals) = postSolution
		SolutionGuid = {72015F56-6243-4D7A-98E4-2A365C502D7E}
	EndGlobalSection
EndGlobal
